
Microsoft Visual Studio Solution File, Format Version 12.00
# Visual Studio 14
VisualStudioVersion = 14.0.23107.0
MinimumVisualStudioVersion = 10.0.40219.1
Project("{FAE04EC0-301F-11D3-BF4B-00C04F79EFBC}") = "LetsEncrypt.ACME", "LetsEncrypt.ACME\LetsEncrypt.ACME.csproj", "{D551234B-0A8D-4DEE-8178-A81998DF0EDB}"
EndProject
Project("{FAE04EC0-301F-11D3-BF4B-00C04F79EFBC}") = "LetsEncrypt.ACME-test", "LetsEncrypt.ACME-test\LetsEncrypt.ACME-test.csproj", "{6D7BE73B-B9E7-431A-93AA-C4956B7827C3}"
EndProject
Global
	GlobalSection(SolutionConfigurationPlatforms) = preSolution
		Debug|Any CPU = Debug|Any CPU
		Release|Any CPU = Release|Any CPU
	EndGlobalSection
	GlobalSection(ProjectConfigurationPlatforms) = postSolution
		{D551234B-0A8D-4DEE-8178-A81998DF0EDB}.Debug|Any CPU.ActiveCfg = Debug|Any CPU
		{D551234B-0A8D-4DEE-8178-A81998DF0EDB}.Debug|Any CPU.Build.0 = Debug|Any CPU
		{D551234B-0A8D-4DEE-8178-A81998DF0EDB}.Release|Any CPU.ActiveCfg = Release|Any CPU
		{D551234B-0A8D-4DEE-8178-A81998DF0EDB}.Release|Any CPU.Build.0 = Release|Any CPU
		{6D7BE73B-B9E7-431A-93AA-C4956B7827C3}.Debug|Any CPU.ActiveCfg = Debug|Any CPU
		{6D7BE73B-B9E7-431A-93AA-C4956B7827C3}.Debug|Any CPU.Build.0 = Debug|Any CPU
		{6D7BE73B-B9E7-431A-93AA-C4956B7827C3}.Release|Any CPU.ActiveCfg = Release|Any CPU
		{6D7BE73B-B9E7-431A-93AA-C4956B7827C3}.Release|Any CPU.Build.0 = Release|Any CPU
	EndGlobalSection
	GlobalSection(SolutionProperties) = preSolution
		HideSolutionNode = FALSE
	EndGlobalSection
EndGlobal
