
Microsoft Visual Studio Solution File, Format Version 12.00
# Visual Studio 14
VisualStudioVersion = 14.0.24720.0
MinimumVisualStudioVersion = 10.0.40219.1
Project("{FAE04EC0-301F-11D3-BF4B-00C04F79EFBC}") = "ACMESharp", "ACMESharp\ACMESharp.csproj", "{D551234B-0A8D-4DEE-8178-A81998DF0EDB}"
EndProject
Project("{FAE04EC0-301F-11D3-BF4B-00C04F79EFBC}") = "ACMESharp-test", "ACMESharp-test\ACMESharp-test.csproj", "{6D7BE73B-B9E7-431A-93AA-C4956B7827C3}"
EndProject
Project("{2150E333-8FDC-42A3-9474-1A3956D46DE8}") = "shared", "shared", "{2D8381C9-5B29-400B-B86C-4669876052DB}"
	ProjectSection(SolutionItems) = preProject
		shared\SharedAssemblyInfo.cs = shared\SharedAssemblyInfo.cs
		shared\SharedAssemblyVersionInfo.cs = shared\SharedAssemblyVersionInfo.cs
	EndProjectSection
EndProject
Project("{FAE04EC0-301F-11D3-BF4B-00C04F79EFBC}") = "ACMESharp.POSH", "ACMESharp.POSH\ACMESharp.POSH.csproj", "{2F8D5934-B5A7-4983-8051-1F25882C7C30}"
EndProject
Project("{FAE04EC0-301F-11D3-BF4B-00C04F79EFBC}") = "ACMESharp.PKI.Providers.CertEnroll", "ACMESharp.PKI.Providers.CertEnroll\ACMESharp.PKI.Providers.CertEnroll.csproj", "{A37E92EE-F7AD-4858-8497-FA1AF27FB14F}"
EndProject
Project("{FAE04EC0-301F-11D3-BF4B-00C04F79EFBC}") = "ACMESharp.PKI.Providers.OpenSslCli", "ACMESharp.PKI.Providers.OpenSslCli\ACMESharp.PKI.Providers.OpenSslCli.csproj", "{5B454575-9688-4A54-BC2B-2D18A15E452B}"
EndProject
Project("{FAE04EC0-301F-11D3-BF4B-00C04F79EFBC}") = "ACMESharp.PKI.Providers.OpenSslLib32", "ACMESharp.PKI.Providers.OpenSslLib32\ACMESharp.PKI.Providers.OpenSslLib32.csproj", "{2CE2E059-F228-4F88-8440-0413C1AF2E4C}"
EndProject
Project("{FAE04EC0-301F-11D3-BF4B-00C04F79EFBC}") = "ACMESharp.PKI.Providers.OpenSslLib64", "ACMESharp.PKI.Providers.OpenSslLib64\ACMESharp.PKI.Providers.OpenSslLib64.csproj", "{98B532B3-805B-4D81-918E-5A76CC66D40D}"
EndProject
Project("{FAE04EC0-301F-11D3-BF4B-00C04F79EFBC}") = "ACMESharp.OpenSSL-test", "ACMESharp.OpenSSL-test\ACMESharp.OpenSSL-test.csproj", "{7BC24D16-E849-406D-82E7-26C5E969C493}"
EndProject
Project("{FAE04EC0-301F-11D3-BF4B-00C04F79EFBC}") = "ACMESharp.Vault", "ACMESharp.Vault\ACMESharp.Vault.csproj", "{65B4C6E0-27A0-445C-ADAC-9D8308E2E4A6}"
EndProject
Project("{FAE04EC0-301F-11D3-BF4B-00C04F79EFBC}") = "ACMESharp.Vault-test", "ACMESharp.Vault-test\ACMESharp.Vault-test.csproj", "{11753766-7B14-4D33-BF2F-11CAAE6C4854}"
EndProject
Project("{FAE04EC0-301F-11D3-BF4B-00C04F79EFBC}") = "ACMESharp.Providers.AWS", "ACMESharp.Providers.AWS\ACMESharp.Providers.AWS.csproj", "{CD8842F7-5CBD-4DB1-B2B9-387A095AB91F}"
EndProject
Project("{FAE04EC0-301F-11D3-BF4B-00C04F79EFBC}") = "ACMESharp.Providers.AWS-test", "ACMESharp.Providers.AWS-test\ACMESharp.Providers.AWS-test.csproj", "{C114BE40-9E62-45CD-842F-81E4902C2775}"
EndProject
Global
	GlobalSection(SolutionConfigurationPlatforms) = preSolution
		Debug|Any CPU = Debug|Any CPU
		Release|Any CPU = Release|Any CPU
	EndGlobalSection
	GlobalSection(ProjectConfigurationPlatforms) = postSolution
		{D551234B-0A8D-4DEE-8178-A81998DF0EDB}.Debug|Any CPU.ActiveCfg = Debug|Any CPU
		{D551234B-0A8D-4DEE-8178-A81998DF0EDB}.Debug|Any CPU.Build.0 = Debug|Any CPU
		{D551234B-0A8D-4DEE-8178-A81998DF0EDB}.Release|Any CPU.ActiveCfg = Release|Any CPU
		{D551234B-0A8D-4DEE-8178-A81998DF0EDB}.Release|Any CPU.Build.0 = Release|Any CPU
		{6D7BE73B-B9E7-431A-93AA-C4956B7827C3}.Debug|Any CPU.ActiveCfg = Debug|Any CPU
		{6D7BE73B-B9E7-431A-93AA-C4956B7827C3}.Debug|Any CPU.Build.0 = Debug|Any CPU
		{6D7BE73B-B9E7-431A-93AA-C4956B7827C3}.Release|Any CPU.ActiveCfg = Release|Any CPU
		{6D7BE73B-B9E7-431A-93AA-C4956B7827C3}.Release|Any CPU.Build.0 = Release|Any CPU
		{2F8D5934-B5A7-4983-8051-1F25882C7C30}.Debug|Any CPU.ActiveCfg = Debug|Any CPU
		{2F8D5934-B5A7-4983-8051-1F25882C7C30}.Debug|Any CPU.Build.0 = Debug|Any CPU
		{2F8D5934-B5A7-4983-8051-1F25882C7C30}.Release|Any CPU.ActiveCfg = Release|Any CPU
		{2F8D5934-B5A7-4983-8051-1F25882C7C30}.Release|Any CPU.Build.0 = Release|Any CPU
		{A37E92EE-F7AD-4858-8497-FA1AF27FB14F}.Debug|Any CPU.ActiveCfg = Debug|Any CPU
		{A37E92EE-F7AD-4858-8497-FA1AF27FB14F}.Debug|Any CPU.Build.0 = Debug|Any CPU
		{A37E92EE-F7AD-4858-8497-FA1AF27FB14F}.Release|Any CPU.ActiveCfg = Release|Any CPU
		{A37E92EE-F7AD-4858-8497-FA1AF27FB14F}.Release|Any CPU.Build.0 = Release|Any CPU
		{5B454575-9688-4A54-BC2B-2D18A15E452B}.Debug|Any CPU.ActiveCfg = Debug|Any CPU
		{5B454575-9688-4A54-BC2B-2D18A15E452B}.Debug|Any CPU.Build.0 = Debug|Any CPU
		{5B454575-9688-4A54-BC2B-2D18A15E452B}.Release|Any CPU.ActiveCfg = Release|Any CPU
		{5B454575-9688-4A54-BC2B-2D18A15E452B}.Release|Any CPU.Build.0 = Release|Any CPU
		{2CE2E059-F228-4F88-8440-0413C1AF2E4C}.Debug|Any CPU.ActiveCfg = Debug|Any CPU
		{2CE2E059-F228-4F88-8440-0413C1AF2E4C}.Debug|Any CPU.Build.0 = Debug|Any CPU
		{2CE2E059-F228-4F88-8440-0413C1AF2E4C}.Release|Any CPU.ActiveCfg = Release|Any CPU
		{2CE2E059-F228-4F88-8440-0413C1AF2E4C}.Release|Any CPU.Build.0 = Release|Any CPU
		{98B532B3-805B-4D81-918E-5A76CC66D40D}.Debug|Any CPU.ActiveCfg = Debug|Any CPU
		{98B532B3-805B-4D81-918E-5A76CC66D40D}.Debug|Any CPU.Build.0 = Debug|Any CPU
		{98B532B3-805B-4D81-918E-5A76CC66D40D}.Release|Any CPU.ActiveCfg = Release|Any CPU
		{98B532B3-805B-4D81-918E-5A76CC66D40D}.Release|Any CPU.Build.0 = Release|Any CPU
		{7BC24D16-E849-406D-82E7-26C5E969C493}.Debug|Any CPU.ActiveCfg = Debug|Any CPU
		{7BC24D16-E849-406D-82E7-26C5E969C493}.Debug|Any CPU.Build.0 = Debug|Any CPU
		{7BC24D16-E849-406D-82E7-26C5E969C493}.Release|Any CPU.ActiveCfg = Release|Any CPU
		{7BC24D16-E849-406D-82E7-26C5E969C493}.Release|Any CPU.Build.0 = Release|Any CPU
		{65B4C6E0-27A0-445C-ADAC-9D8308E2E4A6}.Debug|Any CPU.ActiveCfg = Debug|Any CPU
		{65B4C6E0-27A0-445C-ADAC-9D8308E2E4A6}.Debug|Any CPU.Build.0 = Debug|Any CPU
		{65B4C6E0-27A0-445C-ADAC-9D8308E2E4A6}.Release|Any CPU.ActiveCfg = Release|Any CPU
		{65B4C6E0-27A0-445C-ADAC-9D8308E2E4A6}.Release|Any CPU.Build.0 = Release|Any CPU
		{11753766-7B14-4D33-BF2F-11CAAE6C4854}.Debug|Any CPU.ActiveCfg = Debug|Any CPU
		{11753766-7B14-4D33-BF2F-11CAAE6C4854}.Debug|Any CPU.Build.0 = Debug|Any CPU
		{11753766-7B14-4D33-BF2F-11CAAE6C4854}.Release|Any CPU.ActiveCfg = Release|Any CPU
		{11753766-7B14-4D33-BF2F-11CAAE6C4854}.Release|Any CPU.Build.0 = Release|Any CPU
		{CD8842F7-5CBD-4DB1-B2B9-387A095AB91F}.Debug|Any CPU.ActiveCfg = Debug|Any CPU
		{CD8842F7-5CBD-4DB1-B2B9-387A095AB91F}.Debug|Any CPU.Build.0 = Debug|Any CPU
		{CD8842F7-5CBD-4DB1-B2B9-387A095AB91F}.Release|Any CPU.ActiveCfg = Release|Any CPU
		{CD8842F7-5CBD-4DB1-B2B9-387A095AB91F}.Release|Any CPU.Build.0 = Release|Any CPU
		{C114BE40-9E62-45CD-842F-81E4902C2775}.Debug|Any CPU.ActiveCfg = Debug|Any CPU
		{C114BE40-9E62-45CD-842F-81E4902C2775}.Debug|Any CPU.Build.0 = Debug|Any CPU
		{C114BE40-9E62-45CD-842F-81E4902C2775}.Release|Any CPU.ActiveCfg = Release|Any CPU
		{C114BE40-9E62-45CD-842F-81E4902C2775}.Release|Any CPU.Build.0 = Release|Any CPU
	EndGlobalSection
	GlobalSection(SolutionProperties) = preSolution
		HideSolutionNode = FALSE
	EndGlobalSection
EndGlobal
